
Microsoft Visual Studio Solution File, Format Version 12.00
# Visual Studio Version 17
VisualStudioVersion = 17.0.31903.59
MinimumVisualStudioVersion = 10.0.40219.1
Project("{2150E333-8FDC-42A3-9474-1A3956D46DE8}") = "src", "src", "{827E0CD3-B72D-47B6-A68D-7590B98EB39B}"
EndProject
Project("{FAE04EC0-301F-11D3-BF4B-00C04F79EFBC}") = "Pikwise.Api", "src\Pikwise.Api\Pikwise.Api.csproj", "{D16F837D-5DE0-4465-8673-2C0DE24F495C}"
EndProject
Project("{FAE04EC0-301F-11D3-BF4B-00C04F79EFBC}") = "Pikwise.Application", "src\Pikwise.Application\Pikwise.Application.csproj", "{A71ACFBB-E537-4D13-A213-330450A6CC63}"
EndProject
Project("{FAE04EC0-301F-11D3-BF4B-00C04F79EFBC}") = "Pikwise.Domain", "src\Pikwise.Domain\Pikwise.Domain.csproj", "{93FC08B5-D2FD-4EB3-8C14-E169C2F15069}"
EndProject
Project("{FAE04EC0-301F-11D3-BF4B-00C04F79EFBC}") = "Pikwise.Infrastructure", "src\Pikwise.Infrastructure\Pikwise.Infrastructure.csproj", "{9B08B1DA-D895-4E92-BA68-EB5E7C17CB9D}"
EndProject
Project("{2150E333-8FDC-42A3-9474-1A3956D46DE8}") = "tests", "tests", "{0AB3BF05-4346-4AA6-1389-037BE0695223}"
EndProject
Project("{FAE04EC0-301F-11D3-BF4B-00C04F79EFBC}") = "Pikwise.UnitTests", "tests\Pikwise.UnitTests\Pikwise.UnitTests.csproj", "{A9F4A904-2037-4040-A95D-6F42B259A008}"
EndProject
Project("{FAE04EC0-301F-11D3-BF4B-00C04F79EFBC}") = "Pikwise.IntegrationTests", "tests\Pikwise.IntegrationTests\Pikwise.IntegrationTests.csproj", "{D5748ABC-AAD1-4D0B-81BB-D003DA82714D}"
EndProject
Project("{2150E333-8FDC-42A3-9474-1A3956D46DE8}") = "tools", "tools", "{07C2787E-EAC7-C090-1BA3-A61EC2A24D84}"
EndProject
Project("{FAE04EC0-301F-11D3-BF4B-00C04F79EFBC}") = "Pikwise.DataImport", "tools\Pikwise.DataImport\Pikwise.DataImport.csproj", "{0620E7DE-C857-4A0E-98F6-0A68149A9279}"
EndProject
Global
	GlobalSection(SolutionConfigurationPlatforms) = preSolution
		Debug|Any CPU = Debug|Any CPU
		Debug|x64 = Debug|x64
		Debug|x86 = Debug|x86
		Release|Any CPU = Release|Any CPU
		Release|x64 = Release|x64
		Release|x86 = Release|x86
	EndGlobalSection
	GlobalSection(ProjectConfigurationPlatforms) = postSolution
		{D16F837D-5DE0-4465-8673-2C0DE24F495C}.Debug|Any CPU.ActiveCfg = Debug|Any CPU
		{D16F837D-5DE0-4465-8673-2C0DE24F495C}.Debug|Any CPU.Build.0 = Debug|Any CPU
		{D16F837D-5DE0-4465-8673-2C0DE24F495C}.Debug|x64.ActiveCfg = Debug|Any CPU
		{D16F837D-5DE0-4465-8673-2C0DE24F495C}.Debug|x64.Build.0 = Debug|Any CPU
		{D16F837D-5DE0-4465-8673-2C0DE24F495C}.Debug|x86.ActiveCfg = Debug|Any CPU
		{D16F837D-5DE0-4465-8673-2C0DE24F495C}.Debug|x86.Build.0 = Debug|Any CPU
		{D16F837D-5DE0-4465-8673-2C0DE24F495C}.Release|Any CPU.ActiveCfg = Release|Any CPU
		{D16F837D-5DE0-4465-8673-2C0DE24F495C}.Release|Any CPU.Build.0 = Release|Any CPU
		{D16F837D-5DE0-4465-8673-2C0DE24F495C}.Release|x64.ActiveCfg = Release|Any CPU
		{D16F837D-5DE0-4465-8673-2C0DE24F495C}.Release|x64.Build.0 = Release|Any CPU
		{D16F837D-5DE0-4465-8673-2C0DE24F495C}.Release|x86.ActiveCfg = Release|Any CPU
		{D16F837D-5DE0-4465-8673-2C0DE24F495C}.Release|x86.Build.0 = Release|Any CPU
		{A71ACFBB-E537-4D13-A213-330450A6CC63}.Debug|Any CPU.ActiveCfg = Debug|Any CPU
		{A71ACFBB-E537-4D13-A213-330450A6CC63}.Debug|Any CPU.Build.0 = Debug|Any CPU
		{A71ACFBB-E537-4D13-A213-330450A6CC63}.Debug|x64.ActiveCfg = Debug|Any CPU
		{A71ACFBB-E537-4D13-A213-330450A6CC63}.Debug|x64.Build.0 = Debug|Any CPU
		{A71ACFBB-E537-4D13-A213-330450A6CC63}.Debug|x86.ActiveCfg = Debug|Any CPU
		{A71ACFBB-E537-4D13-A213-330450A6CC63}.Debug|x86.Build.0 = Debug|Any CPU
		{A71ACFBB-E537-4D13-A213-330450A6CC63}.Release|Any CPU.ActiveCfg = Release|Any CPU
		{A71ACFBB-E537-4D13-A213-330450A6CC63}.Release|Any CPU.Build.0 = Release|Any CPU
		{A71ACFBB-E537-4D13-A213-330450A6CC63}.Release|x64.ActiveCfg = Release|Any CPU
		{A71ACFBB-E537-4D13-A213-330450A6CC63}.Release|x64.Build.0 = Release|Any CPU
		{A71ACFBB-E537-4D13-A213-330450A6CC63}.Release|x86.ActiveCfg = Release|Any CPU
		{A71ACFBB-E537-4D13-A213-330450A6CC63}.Release|x86.Build.0 = Release|Any CPU
		{93FC08B5-D2FD-4EB3-8C14-E169C2F15069}.Debug|Any CPU.ActiveCfg = Debug|Any CPU
		{93FC08B5-D2FD-4EB3-8C14-E169C2F15069}.Debug|Any CPU.Build.0 = Debug|Any CPU
		{93FC08B5-D2FD-4EB3-8C14-E169C2F15069}.Debug|x64.ActiveCfg = Debug|Any CPU
		{93FC08B5-D2FD-4EB3-8C14-E169C2F15069}.Debug|x64.Build.0 = Debug|Any CPU
		{93FC08B5-D2FD-4EB3-8C14-E169C2F15069}.Debug|x86.ActiveCfg = Debug|Any CPU
		{93FC08B5-D2FD-4EB3-8C14-E169C2F15069}.Debug|x86.Build.0 = Debug|Any CPU
		{93FC08B5-D2FD-4EB3-8C14-E169C2F15069}.Release|Any CPU.ActiveCfg = Release|Any CPU
		{93FC08B5-D2FD-4EB3-8C14-E169C2F15069}.Release|Any CPU.Build.0 = Release|Any CPU
		{93FC08B5-D2FD-4EB3-8C14-E169C2F15069}.Release|x64.ActiveCfg = Release|Any CPU
		{93FC08B5-D2FD-4EB3-8C14-E169C2F15069}.Release|x64.Build.0 = Release|Any CPU
		{93FC08B5-D2FD-4EB3-8C14-E169C2F15069}.Release|x86.ActiveCfg = Release|Any CPU
		{93FC08B5-D2FD-4EB3-8C14-E169C2F15069}.Release|x86.Build.0 = Release|Any CPU
		{9B08B1DA-D895-4E92-BA68-EB5E7C17CB9D}.Debug|Any CPU.ActiveCfg = Debug|Any CPU
		{9B08B1DA-D895-4E92-BA68-EB5E7C17CB9D}.Debug|Any CPU.Build.0 = Debug|Any CPU
		{9B08B1DA-D895-4E92-BA68-EB5E7C17CB9D}.Debug|x64.ActiveCfg = Debug|Any CPU
		{9B08B1DA-D895-4E92-BA68-EB5E7C17CB9D}.Debug|x64.Build.0 = Debug|Any CPU
		{9B08B1DA-D895-4E92-BA68-EB5E7C17CB9D}.Debug|x86.ActiveCfg = Debug|Any CPU
		{9B08B1DA-D895-4E92-BA68-EB5E7C17CB9D}.Debug|x86.Build.0 = Debug|Any CPU
		{9B08B1DA-D895-4E92-BA68-EB5E7C17CB9D}.Release|Any CPU.ActiveCfg = Release|Any CPU
		{9B08B1DA-D895-4E92-BA68-EB5E7C17CB9D}.Release|Any CPU.Build.0 = Release|Any CPU
		{9B08B1DA-D895-4E92-BA68-EB5E7C17CB9D}.Release|x64.ActiveCfg = Release|Any CPU
		{9B08B1DA-D895-4E92-BA68-EB5E7C17CB9D}.Release|x64.Build.0 = Release|Any CPU
		{9B08B1DA-D895-4E92-BA68-EB5E7C17CB9D}.Release|x86.ActiveCfg = Release|Any CPU
		{9B08B1DA-D895-4E92-BA68-EB5E7C17CB9D}.Release|x86.Build.0 = Release|Any CPU
		{A9F4A904-2037-4040-A95D-6F42B259A008}.Debug|Any CPU.ActiveCfg = Debug|Any CPU
		{A9F4A904-2037-4040-A95D-6F42B259A008}.Debug|Any CPU.Build.0 = Debug|Any CPU
		{A9F4A904-2037-4040-A95D-6F42B259A008}.Debug|x64.ActiveCfg = Debug|Any CPU
		{A9F4A904-2037-4040-A95D-6F42B259A008}.Debug|x64.Build.0 = Debug|Any CPU
		{A9F4A904-2037-4040-A95D-6F42B259A008}.Debug|x86.ActiveCfg = Debug|Any CPU
		{A9F4A904-2037-4040-A95D-6F42B259A008}.Debug|x86.Build.0 = Debug|Any CPU
		{A9F4A904-2037-4040-A95D-6F42B259A008}.Release|Any CPU.ActiveCfg = Release|Any CPU
		{A9F4A904-2037-4040-A95D-6F42B259A008}.Release|Any CPU.Build.0 = Release|Any CPU
		{A9F4A904-2037-4040-A95D-6F42B259A008}.Release|x64.ActiveCfg = Release|Any CPU
		{A9F4A904-2037-4040-A95D-6F42B259A008}.Release|x64.Build.0 = Release|Any CPU
		{A9F4A904-2037-4040-A95D-6F42B259A008}.Release|x86.ActiveCfg = Release|Any CPU
		{A9F4A904-2037-4040-A95D-6F42B259A008}.Release|x86.Build.0 = Release|Any CPU
		{D5748ABC-AAD1-4D0B-81BB-D003DA82714D}.Debug|Any CPU.ActiveCfg = Debug|Any CPU
		{D5748ABC-AAD1-4D0B-81BB-D003DA82714D}.Debug|Any CPU.Build.0 = Debug|Any CPU
		{D5748ABC-AAD1-4D0B-81BB-D003DA82714D}.Debug|x64.ActiveCfg = Debug|Any CPU
		{D5748ABC-AAD1-4D0B-81BB-D003DA82714D}.Debug|x64.Build.0 = Debug|Any CPU
		{D5748ABC-AAD1-4D0B-81BB-D003DA82714D}.Debug|x86.ActiveCfg = Debug|Any CPU
		{D5748ABC-AAD1-4D0B-81BB-D003DA82714D}.Debug|x86.Build.0 = Debug|Any CPU
		{D5748ABC-AAD1-4D0B-81BB-D003DA82714D}.Release|Any CPU.ActiveCfg = Release|Any CPU
		{D5748ABC-AAD1-4D0B-81BB-D003DA82714D}.Release|Any CPU.Build.0 = Release|Any CPU
		{D5748ABC-AAD1-4D0B-81BB-D003DA82714D}.Release|x64.ActiveCfg = Release|Any CPU
		{D5748ABC-AAD1-4D0B-81BB-D003DA82714D}.Release|x64.Build.0 = Release|Any CPU
		{D5748ABC-AAD1-4D0B-81BB-D003DA82714D}.Release|x86.ActiveCfg = Release|Any CPU
		{D5748ABC-AAD1-4D0B-81BB-D003DA82714D}.Release|x86.Build.0 = Release|Any CPU
		{0620E7DE-C857-4A0E-98F6-0A68149A9279}.Debug|Any CPU.ActiveCfg = Debug|Any CPU
		{0620E7DE-C857-4A0E-98F6-0A68149A9279}.Debug|Any CPU.Build.0 = Debug|Any CPU
		{0620E7DE-C857-4A0E-98F6-0A68149A9279}.Debug|x64.ActiveCfg = Debug|Any CPU
		{0620E7DE-C857-4A0E-98F6-0A68149A9279}.Debug|x64.Build.0 = Debug|Any CPU
		{0620E7DE-C857-4A0E-98F6-0A68149A9279}.Debug|x86.ActiveCfg = Debug|Any CPU
		{0620E7DE-C857-4A0E-98F6-0A68149A9279}.Debug|x86.Build.0 = Debug|Any CPU
		{0620E7DE-C857-4A0E-98F6-0A68149A9279}.Release|Any CPU.ActiveCfg = Release|Any CPU
		{0620E7DE-C857-4A0E-98F6-0A68149A9279}.Release|Any CPU.Build.0 = Release|Any CPU
		{0620E7DE-C857-4A0E-98F6-0A68149A9279}.Release|x64.ActiveCfg = Release|Any CPU
		{0620E7DE-C857-4A0E-98F6-0A68149A9279}.Release|x64.Build.0 = Release|Any CPU
		{0620E7DE-C857-4A0E-98F6-0A68149A9279}.Release|x86.ActiveCfg = Release|Any CPU
		{0620E7DE-C857-4A0E-98F6-0A68149A9279}.Release|x86.Build.0 = Release|Any CPU
	EndGlobalSection
	GlobalSection(SolutionProperties) = preSolution
		HideSolutionNode = FALSE
	EndGlobalSection
	GlobalSection(NestedProjects) = preSolution
		{D16F837D-5DE0-4465-8673-2C0DE24F495C} = {827E0CD3-B72D-47B6-A68D-7590B98EB39B}
		{A71ACFBB-E537-4D13-A213-330450A6CC63} = {827E0CD3-B72D-47B6-A68D-7590B98EB39B}
		{93FC08B5-D2FD-4EB3-8C14-E169C2F15069} = {827E0CD3-B72D-47B6-A68D-7590B98EB39B}
		{9B08B1DA-D895-4E92-BA68-EB5E7C17CB9D} = {827E0CD3-B72D-47B6-A68D-7590B98EB39B}
		{A9F4A904-2037-4040-A95D-6F42B259A008} = {0AB3BF05-4346-4AA6-1389-037BE0695223}
		{D5748ABC-AAD1-4D0B-81BB-D003DA82714D} = {0AB3BF05-4346-4AA6-1389-037BE0695223}
		{0620E7DE-C857-4A0E-98F6-0A68149A9279} = {07C2787E-EAC7-C090-1BA3-A61EC2A24D84}
	EndGlobalSection
EndGlobal
